
Microsoft Visual Studio Solution File, Format Version 12.00
# Visual Studio 14
VisualStudioVersion = 14.0.25123.0
MinimumVisualStudioVersion = 10.0.40219.1
Project("{FAE04EC0-301F-11D3-BF4B-00C04F79EFBC}") = "MemeBot", "MemeBot\MemeBot.csproj", "{A8BA1066-5695-4D71-ABB4-65E5A5E0C3D4}"
EndProject
Project("{FAE04EC0-301F-11D3-BF4B-00C04F79EFBC}") = "ImgFlipAPITests", "ImgFlipAPITests\ImgFlipAPITests.csproj", "{DA6C02CF-FC2D-4CBD-927C-5F6DD502A9C7}"
EndProject
Project("{2150E333-8FDC-42A3-9474-1A3956D46DE8}") = "Solution Items", "Solution Items", "{82DBF6C4-444F-496C-BFB3-1A560B17AFB3}"
	ProjectSection(SolutionItems) = preProject
		ImgFlipAPI\global.json = ImgFlipAPI\global.json
	EndProjectSection
EndProject
Project("{FAE04EC0-301F-11D3-BF4B-00C04F79EFBC}") = "ImgFlipAPI.APISource", "ImgFlipAPI.APISource\ImgFlipAPI.APISource.csproj", "{F4BE60E9-49F3-4AF6-8209-8FE2A141B5DA}"
EndProject
Global
	GlobalSection(SolutionConfigurationPlatforms) = preSolution
		Debug|Any CPU = Debug|Any CPU
		Release|Any CPU = Release|Any CPU
	EndGlobalSection
	GlobalSection(ProjectConfigurationPlatforms) = postSolution
		{A8BA1066-5695-4D71-ABB4-65E5A5E0C3D4}.Debug|Any CPU.ActiveCfg = Debug|Any CPU
		{A8BA1066-5695-4D71-ABB4-65E5A5E0C3D4}.Debug|Any CPU.Build.0 = Debug|Any CPU
		{A8BA1066-5695-4D71-ABB4-65E5A5E0C3D4}.Release|Any CPU.ActiveCfg = Release|Any CPU
		{A8BA1066-5695-4D71-ABB4-65E5A5E0C3D4}.Release|Any CPU.Build.0 = Release|Any CPU
		{DA6C02CF-FC2D-4CBD-927C-5F6DD502A9C7}.Debug|Any CPU.ActiveCfg = Debug|Any CPU
		{DA6C02CF-FC2D-4CBD-927C-5F6DD502A9C7}.Debug|Any CPU.Build.0 = Debug|Any CPU
		{DA6C02CF-FC2D-4CBD-927C-5F6DD502A9C7}.Release|Any CPU.ActiveCfg = Release|Any CPU
		{DA6C02CF-FC2D-4CBD-927C-5F6DD502A9C7}.Release|Any CPU.Build.0 = Release|Any CPU
		{F4BE60E9-49F3-4AF6-8209-8FE2A141B5DA}.Debug|Any CPU.ActiveCfg = Debug|Any CPU
		{F4BE60E9-49F3-4AF6-8209-8FE2A141B5DA}.Debug|Any CPU.Build.0 = Debug|Any CPU
		{F4BE60E9-49F3-4AF6-8209-8FE2A141B5DA}.Release|Any CPU.ActiveCfg = Release|Any CPU
		{F4BE60E9-49F3-4AF6-8209-8FE2A141B5DA}.Release|Any CPU.Build.0 = Release|Any CPU
	EndGlobalSection
	GlobalSection(SolutionProperties) = preSolution
		HideSolutionNode = FALSE
	EndGlobalSection
EndGlobal
